
Microsoft Visual Studio Solution File, Format Version 12.00
# Visual Studio Version 17
VisualStudioVersion = 17.13.35931.197
MinimumVisualStudioVersion = 10.0.40219.1
Project("{FAE04EC0-301F-11D3-BF4B-00C04F79EFBC}") = "Strava", "src\Strava\Strava.csproj", "{22323455-161D-4515-9509-675A3663FEB5}"
EndProject
Project("{FAE04EC0-301F-11D3-BF4B-00C04F79EFBC}") = "Strava.Tests", "src\Strava.Tests\Strava.Tests.csproj", "{693B1AB8-3D1E-4C87-B526-BEE1728BD166}"
EndProject
Project("{FAE04EC0-301F-11D3-BF4B-00C04F79EFBC}") = "Strava.UI", "src\Strava.UI\Strava.UI.csproj", "{B8ADCABF-FA69-5BB6-C78A-D7E1B9EDDB69}"
EndProject
Project("{2150E333-8FDC-42A3-9474-1A3956D46DE8}") = "samples", "samples", "{02EA681E-C7D8-13C7-8484-4AC65E1B71E8}"
EndProject
Project("{FAE04EC0-301F-11D3-BF4B-00C04F79EFBC}") = "StravaLogin.WPF", "samples\StravaLogin.WPF\StravaLogin.WPF.csproj", "{FF10A053-19DA-4587-AA3B-D289500558F4}"
EndProject
Project("{FAE04EC0-301F-11D3-BF4B-00C04F79EFBC}") = "SimpleConsoleApp", "samples\SimpleConsoleApp\SimpleConsoleApp.csproj", "{CDC5EA08-4870-D1C2-749A-E655CC8C3615}"
EndProject
Project("{FAE04EC0-301F-11D3-BF4B-00C04F79EFBC}") = "Strava.Client", "src\Strava.Client\Strava.Client.csproj", "{21FF6594-6FF6-982B-D500-D0DCEC7D229E}"
EndProject
Project("{FAE04EC0-301F-11D3-BF4B-00C04F79EFBC}") = "Strava.Service", "src\Strava.Service\Strava.Service.csproj", "{6016432F-15C7-850F-3F18-CE0E945C5BFC}"
EndProject
Project("{FAE04EC0-301F-11D3-BF4B-00C04F79EFBC}") = "StravaConsoleApp", "samples\StravaConsoleApp\StravaConsoleApp.csproj", "{8063CF1E-C712-4C60-5062-978E39B31056}"
EndProject
Global
	GlobalSection(SolutionConfigurationPlatforms) = preSolution
		Debug|Any CPU = Debug|Any CPU
		Release|Any CPU = Release|Any CPU
	EndGlobalSection
	GlobalSection(ProjectConfigurationPlatforms) = postSolution
		{22323455-161D-4515-9509-675A3663FEB5}.Debug|Any CPU.ActiveCfg = Debug|Any CPU
		{22323455-161D-4515-9509-675A3663FEB5}.Debug|Any CPU.Build.0 = Debug|Any CPU
		{22323455-161D-4515-9509-675A3663FEB5}.Release|Any CPU.ActiveCfg = Release|Any CPU
		{22323455-161D-4515-9509-675A3663FEB5}.Release|Any CPU.Build.0 = Release|Any CPU
		{693B1AB8-3D1E-4C87-B526-BEE1728BD166}.Debug|Any CPU.ActiveCfg = Debug|Any CPU
		{693B1AB8-3D1E-4C87-B526-BEE1728BD166}.Debug|Any CPU.Build.0 = Debug|Any CPU
		{693B1AB8-3D1E-4C87-B526-BEE1728BD166}.Release|Any CPU.ActiveCfg = Release|Any CPU
		{693B1AB8-3D1E-4C87-B526-BEE1728BD166}.Release|Any CPU.Build.0 = Release|Any CPU
		{B8ADCABF-FA69-5BB6-C78A-D7E1B9EDDB69}.Debug|Any CPU.ActiveCfg = Debug|Any CPU
		{B8ADCABF-FA69-5BB6-C78A-D7E1B9EDDB69}.Debug|Any CPU.Build.0 = Debug|Any CPU
		{B8ADCABF-FA69-5BB6-C78A-D7E1B9EDDB69}.Release|Any CPU.ActiveCfg = Release|Any CPU
		{B8ADCABF-FA69-5BB6-C78A-D7E1B9EDDB69}.Release|Any CPU.Build.0 = Release|Any CPU
		{FF10A053-19DA-4587-AA3B-D289500558F4}.Debug|Any CPU.ActiveCfg = Debug|Any CPU
		{FF10A053-19DA-4587-AA3B-D289500558F4}.Debug|Any CPU.Build.0 = Debug|Any CPU
		{FF10A053-19DA-4587-AA3B-D289500558F4}.Release|Any CPU.ActiveCfg = Release|Any CPU
		{FF10A053-19DA-4587-AA3B-D289500558F4}.Release|Any CPU.Build.0 = Release|Any CPU
		{CDC5EA08-4870-D1C2-749A-E655CC8C3615}.Debug|Any CPU.ActiveCfg = Debug|Any CPU
		{CDC5EA08-4870-D1C2-749A-E655CC8C3615}.Debug|Any CPU.Build.0 = Debug|Any CPU
		{CDC5EA08-4870-D1C2-749A-E655CC8C3615}.Release|Any CPU.ActiveCfg = Release|Any CPU
		{CDC5EA08-4870-D1C2-749A-E655CC8C3615}.Release|Any CPU.Build.0 = Release|Any CPU
		{21FF6594-6FF6-982B-D500-D0DCEC7D229E}.Debug|Any CPU.ActiveCfg = Debug|Any CPU
		{21FF6594-6FF6-982B-D500-D0DCEC7D229E}.Debug|Any CPU.Build.0 = Debug|Any CPU
		{21FF6594-6FF6-982B-D500-D0DCEC7D229E}.Release|Any CPU.ActiveCfg = Release|Any CPU
		{21FF6594-6FF6-982B-D500-D0DCEC7D229E}.Release|Any CPU.Build.0 = Release|Any CPU
		{6016432F-15C7-850F-3F18-CE0E945C5BFC}.Debug|Any CPU.ActiveCfg = Debug|Any CPU
		{6016432F-15C7-850F-3F18-CE0E945C5BFC}.Debug|Any CPU.Build.0 = Debug|Any CPU
		{6016432F-15C7-850F-3F18-CE0E945C5BFC}.Release|Any CPU.ActiveCfg = Release|Any CPU
		{6016432F-15C7-850F-3F18-CE0E945C5BFC}.Release|Any CPU.Build.0 = Release|Any CPU
		{8063CF1E-C712-4C60-5062-978E39B31056}.Debug|Any CPU.ActiveCfg = Debug|Any CPU
		{8063CF1E-C712-4C60-5062-978E39B31056}.Debug|Any CPU.Build.0 = Debug|Any CPU
		{8063CF1E-C712-4C60-5062-978E39B31056}.Release|Any CPU.ActiveCfg = Release|Any CPU
		{8063CF1E-C712-4C60-5062-978E39B31056}.Release|Any CPU.Build.0 = Release|Any CPU
	EndGlobalSection
	GlobalSection(SolutionProperties) = preSolution
		HideSolutionNode = FALSE
	EndGlobalSection
	GlobalSection(NestedProjects) = preSolution
		{FF10A053-19DA-4587-AA3B-D289500558F4} = {02EA681E-C7D8-13C7-8484-4AC65E1B71E8}
		{CDC5EA08-4870-D1C2-749A-E655CC8C3615} = {02EA681E-C7D8-13C7-8484-4AC65E1B71E8}
		{8063CF1E-C712-4C60-5062-978E39B31056} = {02EA681E-C7D8-13C7-8484-4AC65E1B71E8}
	EndGlobalSection
	GlobalSection(ExtensibilityGlobals) = postSolution
		SolutionGuid = {12D19AB5-50A8-4413-ABDE-3610705A6351}
	EndGlobalSection
EndGlobal
